Microsoft Visual Studio Solution File, Format Version 12.00
# Visual Studio Version 17
VisualStudioVersion = 17.5.2.0
MinimumVisualStudioVersion = 10.0.40219.1
Project("{FAE04EC0-301F-11D3-BF4B-00C04F79EFBC}") = "padariaDelicioPao", "padariaDelicioPao.csproj", "{DEC3D5AF-A069-587E-6283-78F3AA14D9FD}"
EndProject
Global
	GlobalSection(SolutionConfigurationPlatforms) = preSolution
		Debug|Any CPU = Debug|Any CPU
		Release|Any CPU = Release|Any CPU
	EndGlobalSection
	GlobalSection(ProjectConfigurationPlatforms) = postSolution
		{DEC3D5AF-A069-587E-6283-78F3AA14D9FD}.Debug|Any CPU.ActiveCfg = Debug|Any CPU
		{DEC3D5AF-A069-587E-6283-78F3AA14D9FD}.Debug|Any CPU.Build.0 = Debug|Any CPU
		{DEC3D5AF-A069-587E-6283-78F3AA14D9FD}.Release|Any CPU.ActiveCfg = Release|Any CPU
		{DEC3D5AF-A069-587E-6283-78F3AA14D9FD}.Release|Any CPU.Build.0 = Release|Any CPU
	EndGlobalSection
	GlobalSection(SolutionProperties) = preSolution
		HideSolutionNode = FALSE
	EndGlobalSection
	GlobalSection(ExtensibilityGlobals) = postSolution
		SolutionGuid = {2242166A-7AFA-4655-8D78-13D514F404BD}
	EndGlobalSection
EndGlobal
